// !$*UTF8*$!
{
	archiveVersion = 1;
	classes = {
	};
	objectVersion = 50;
	objects = {

/* Begin PBXBuildFile section */
		BBF0ABF721F4B9CD00E44497 /* AppDelegate.swift in Sources */ = {isa = PBXBuildFile; fileRef = BBF0ABF621F4B9CD00E44497 /* AppDelegate.swift */; };
		BBF0ABF921F4B9CD00E44497 /* ViewController.swift in Sources */ = {isa = PBXBuildFile; fileRef = BBF0ABF821F4B9CD00E44497 /* ViewController.swift */; };
		BBF0ABFC21F4B9CD00E44497 /* Main.storyboard in Resources */ = {isa = PBXBuildFile; fileRef = BBF0ABFA21F4B9CD00E44497 /* Main.storyboard */; };
		BBF0ABFE21F4B9CD00E44497 /* Assets.xcassets in Resources */ = {isa = PBXBuildFile; fileRef = BBF0ABFD21F4B9CD00E44497 /* Assets.xcassets */; };
		BBF0AC0121F4B9CD00E44497 /* LaunchScreen.storyboard in Resources */ = {isa = PBXBuildFile; fileRef = BBF0ABFF21F4B9CD00E44497 /* LaunchScreen.storyboard */; };
/* End PBXBuildFile section */

/* Begin PBXFileReference section */
		BBF0ABF321F4B9CD00E44497 /* AutoLayoutCalculator.app */ = {isa = PBXFileReference; explicitFileType = wrapper.application; includeInIndex = 0; path = AutoLayoutCalculator.app; sourceTree = BUILT_PRODUCTS_DIR; };
		BBF0ABF621F4B9CD00E44497 /* AppDelegate.swift */ = {isa = PBXFileReference; lastKnownFileType = sourcecode.swift; path = AppDelegate.swift; sourceTree = "<group>"; };
		BBF0ABF821F4B9CD00E44497 /* ViewController.swift */ = {isa = PBXFileReference; lastKnownFileType = sourcecode.swift; path = ViewController.swift; sourceTree = "<group>"; };
		BBF0ABFB21F4B9CD00E44497 /* Base */ = {isa = PBXFileReference; lastKnownFileType = file.storyboard; name = Base; path = Base.lproj/Main.storyboard; sourceTree = "<group>"; };
		BBF0ABFD21F4B9CD00E44497 /* Assets.xcassets */ = {isa = PBXFileReference; lastKnownFileType = folder.assetcatalog; path = Assets.xcassets; sourceTree = "<group>"; };
		BBF0AC0021F4B9CD00E44497 /* Base */ = {isa = PBXFileReference; lastKnownFileType = file.storyboard; name = Base; path = Base.lproj/LaunchScreen.storyboard; sourceTree = "<group>"; };
		BBF0AC0221F4B9CD00E44497 /* Info.plist */ = {isa = PBXFileReference; lastKnownFileType = text.plist.xml; path = Info.plist; sourceTree = "<group>"; };
/* End PBXFileReference section */

/* Begin PBXFrameworksBuildPhase section */
		BBF0ABF021F4B9CD00E44497 /* Frameworks */ = {
			isa = PBXFrameworksBuildPhase;
			buildActionMask = 2147483647;
			files = (
			);
			runOnlyForDeploymentPostprocessing = 0;
		};
/* End PBXFrameworksBuildPhase section */

/* Begin PBXGroup section */
		BBF0ABEA21F4B9CD00E44497 = {
			isa = PBXGroup;
			children = (
				BBF0ABF521F4B9CD00E44497 /* AutoLayoutCalculator */,
				BBF0ABF421F4B9CD00E44497 /* Products */,
			);
			sourceTree = "<group>";
		};
		BBF0ABF421F4B9CD00E44497 /* Products */ = {
			isa = PBXGroup;
			children = (
				BBF0ABF321F4B9CD00E44497 /* AutoLayoutCalculator.app */,
			);
			name = Products;
			sourceTree = "<group>";
		};
		BBF0ABF521F4B9CD00E44497 /* AutoLayoutCalculator */ = {
			isa = PBXGroup;
			children = (
				BBF0ABF621F4B9CD00E44497 /* AppDelegate.swift */,
				BBF0ABF821F4B9CD00E44497 /* ViewController.swift */,
				BBF0ABFA21F4B9CD00E44497 /* Main.storyboard */,
				BBF0ABFD21F4B9CD00E44497 /* Assets.xcassets */,
				BBF0ABFF21F4B9CD00E44497 /* LaunchScreen.storyboard */,
				BBF0AC0221F4B9CD00E44497 /* Info.plist */,
			);
			path = AutoLayoutCalculator;
			sourceTree = "<group>";
		};
/* End PBXGroup section */

/* Begin PBXNativeTarget section */
		BBF0ABF221F4B9CD00E44497 /* AutoLayoutCalculator */ = {
			isa = PBXNativeTarget;
			buildConfigurationList = BBF0AC0521F4B9CD00E44497 /* Build configuration list for PBXNativeTarget "AutoLayoutCalculator" */;
			buildPhases = (
				BBF0ABEF21F4B9CD00E44497 /* Sources */,
				BBF0ABF021F4B9CD00E44497 /* Frameworks */,
				BBF0ABF121F4B9CD00E44497 /* Resources */,
			);
			buildRules = (
			);
			dependencies = (
			);
			name = AutoLayoutCalculator;
			productName = AutoLayoutCalculator;
			productReference = BBF0ABF321F4B9CD00E44497 /* AutoLayoutCalculator.app */;
			productType = "com.apple.product-type.application";
		};
/* End PBXNativeTarget section */

/* Begin PBXProject section */
		BBF0ABEB21F4B9CD00E44497 /* Project object */ = {
			isa = PBXProject;
			attributes = {
				LastSwiftUpdateCheck = 1010;
				LastUpgradeCheck = 1010;
				ORGANIZATIONNAME = "Liberty App Team";
				TargetAttributes = {
					BBF0ABF221F4B9CD00E44497 = {
						CreatedOnToolsVersion = 10.1;
					};
				};
			};
			buildConfigurationList = BBF0ABEE21F4B9CD00E44497 /* Build configuration list for PBXProject "AutoLayoutCalculator" */;
			compatibilityVersion = "Xcode 9.3";
			developmentRegion = en;
			hasScannedForEncodings = 0;
			knownRegions = (
				en,
				Base,
			);
			mainGroup = BBF0ABEA21F4B9CD00E44497;
			productRefGroup = BBF0ABF421F4B9CD00E44497 /* Products */;
			projectDirPath = "";
			projectRoot = "";
			targets = (
				BBF0ABF221F4B9CD00E44497 /* AutoLayoutCalculator */,
			);
		};
/* End PBXProject section */

/* Begin PBXResourcesBuildPhase section */
		BBF0ABF121F4B9CD00E44497 /* Resources */ = {
			isa = PBXResourcesBuildPhase;
			buildActionMask = 2147483647;
			files = (
				BBF0AC0121F4B9CD00E44497 /* LaunchScreen.storyboard in Resources */,
				BBF0ABFE21F4B9CD00E44497 /* Assets.xcassets in Resources */,
				BBF0ABFC21F4B9CD00E44497 /* Main.storyboard in Resources */,
			);
			runOnlyForDeploymentPostprocessing = 0;
		};
/* End PBXResourcesBuildPhase section */

/* Begin PBXSourcesBuildPhase section */
		BBF0ABEF21F4B9CD00E44497 /* Sources */ = {
			isa = PBXSourcesBuildPhase;
			buildActionMask = 2147483647;
			files = (
				BBF0ABF921F4B9CD00E44497 /* ViewController.swift in Sources */,
				BBF0ABF721F4B9CD00E44497 /* AppDelegate.swift in Sources */,
			);
			runOnlyForDeploymentPostprocessing = 0;
		};
/* End PBXSourcesBuildPhase section */

/* Begin PBXVariantGroup section */
		BBF0ABFA21F4B9CD00E44497 /* Main.storyboard */ = {
			isa = PBXVariantGroup;
			children = (
				BBF0ABFB21F4B9CD00E44497 /* Base */,
			);
			name = Main.storyboard;
			sourceTree = "<group>";
		};
		BBF0ABFF21F4B9CD00E44497 /* LaunchScreen.storyboard */ = {
			isa = PBXVariantGroup;
			children = (
				BBF0AC0021F4B9CD00E44497 /* Base */,
			);
			name = LaunchScreen.storyboard;
			sourceTree = "<group>";
		};
/* End PBXVariantGroup section */

/* Begin XCBuildConfiguration section */
		BBF0AC0321F4B9CD00E44497 /* Debug */ = {
			isa = XCBuildConfiguration;
			buildSettings = {
				ALWAYS_SEARCH_USER_PATHS = NO;
				CLANG_ANALYZER_NONNULL = YES;
				CLANG_ANALYZER_NUMBER_OBJECT_CONVERSION = YES_AGGRESSIVE;
				CLANG_CXX_LANGUAGE_STANDARD = "gnu++14";
				CLANG_CXX_LIBRARY = "libc++";
				CLANG_ENABLE_MODULES = YES;
				CLANG_ENABLE_OBJC_ARC = YES;
				CLANG_ENABLE_OBJC_WEAK = YES;
				CLANG_WARN_BLOCK_CAPTURE_AUTORELEASING = YES;
				CLANG_WARN_BOOL_CONVERSION = YES;
				CLANG_WARN_COMMA = YES;
				CLANG_WARN_CONSTANT_CONVERSION = YES;
				CLANG_WARN_DEPRECATED_OBJC_IMPLEMENTATIONS = YES;
				CLANG_WARN_DIRECT_OBJC_ISA_USAGE = YES_ERROR;
				CLANG_WARN_DOCUMENTATION_COMMENTS = YES;
				CLANG_WARN_EMPTY_BODY = YES;
				CLANG_WARN_ENUM_CONVERSION = YES;
				CLANG_WARN_INFINITE_RECURSION = YES;
				CLANG_WARN_INT_CONVERSION = YES;
				CLANG_WARN_NON_LITERAL_NULL_CONVERSION = YES;
				CLANG_WARN_OBJC_IMPLICIT_RETAIN_SELF = YES;
				CLANG_WARN_OBJC_LITERAL_CONVERSION = YES;
				CLANG_WARN_OBJC_ROOT_CLASS = YES_ERROR;
				CLANG_WARN_RANGE_LOOP_ANALYSIS = YES;
				CLANG_WARN_STRICT_PROTOTYPES = YES;
				CLANG_WARN_SUSPICIOUS_MOVE = YES;
				CLANG_WARN_UNGUARDED_AVAILABILITY = YES_AGGRESSIVE;
				CLANG_WARN_UNREACHABLE_CODE = YES;
				CLANG_WARN__DUPLICATE_METHOD_MATCH = YES;
				CODE_SIGN_IDENTITY = "iPhone Developer";
				COPY_PHASE_STRIP = NO;
				DEBUG_INFORMATION_FORMAT = dwarf;
				ENABLE_STRICT_OBJC_MSGSEND = YES;
				ENABLE_TESTABILITY = YES;
				GCC_C_LANGUAGE_STANDARD = gnu11;
				GCC_DYNAMIC_NO_PIC = NO;
				GCC_NO_COMMON_BLOCKS = YES;
				GCC_OPTIMIZATION_LEVEL = 0;
				GCC_PREPROCESSOR_DEFINITIONS = (
					"DEBUG=1",
					"$(inherited)",
				);
				GCC_WARN_64_TO_32_BIT_CONVERSION = YES;
				GCC_WARN_ABOUT_RETURN_TYPE = YES_ERROR;
				GCC_WARN_UNDECLARED_SELECTOR = YES;
				GCC_WARN_UNINITIALIZED_AUTOS = YES_AGGRESSIVE;
				GCC_WARN_UNUSED_FUNCTION = YES;
				GCC_WARN_UNUSED_VARIABLE = YES;
				IPHONEOS_DEPLOYMENT_TARGET = 12.1;
				MTL_ENABLE_DEBUG_INFO = INCLUDE_SOURCE;
				MTL_FAST_MATH = YES;
				ONLY_ACTIVE_ARCH = YES;
				SDKROOT = iphoneos;
				SWIFT_ACTIVE_COMPILATION_CONDITIONS = DEBUG;
				SWIFT_OPTIMIZATION_LEVEL = "-Onone";
			};
			name = Debug;
		};
		BBF0AC0421F4B9CD00E44497 /* Release */ = {
			isa = XCBuildConfiguration;
			buildSettings = {
				ALWAYS_SEARCH_USER_PATHS = NO;
				CLANG_ANALYZER_NONNULL = YES;
				CLANG_ANALYZER_NUMBER_OBJECT_CONVERSION = YES_AGGRESSIVE;
				CLANG_CXX_LANGUAGE_STANDARD = "gnu++14";
				CLANG_CXX_LIBRARY = "libc++";
				CLANG_ENABLE_MODULES = YES;
				CLANG_ENABLE_OBJC_ARC = YES;
				CLANG_ENABLE_OBJC_WEAK = YES;
				CLANG_WARN_BLOCK_CAPTURE_AUTORELEASING = YES;
				CLANG_WARN_BOOL_CONVERSION = YES;
				CLANG_WARN_COMMA = YES;
				CLANG_WARN_CONSTANT_CONVERSION = YES;
				CLANG_WARN_DEPRECATED_OBJC_IMPLEMENTATIONS = YES;
				CLANG_WARN_DIRECT_OBJC_ISA_USAGE = YES_ERROR;
				CLANG_WARN_DOCUMENTATION_COMMENTS = YES;
				CLANG_WARN_EMPTY_BODY = YES;
				CLANG_WARN_ENUM_CONVERSION = YES;
				CLANG_WARN_INFINITE_RECURSION = YES;
				CLANG_WARN_INT_CONVERSION = YES;
				CLANG_WARN_NON_LITERAL_NULL_CONVERSION = YES;
				CLANG_WARN_OBJC_IMPLICIT_RETAIN_SELF = YES;
				CLANG_WARN_OBJC_LITERAL_CONVERSION = YES;
				CLANG_WARN_OBJC_ROOT_CLASS = YES_ERROR;
				CLANG_WARN_RANGE_LOOP_ANALYSIS = YES;
				CLANG_WARN_STRICT_PROTOTYPES = YES;
				CLANG_WARN_SUSPICIOUS_MOVE = YES;
				CLANG_WARN_UNGUARDED_AVAILABILITY = YES_AGGRESSIVE;
				CLANG_WARN_UNREACHABLE_CODE = YES;
				CLANG_WARN__DUPLICATE_METHOD_MATCH = YES;
				CODE_SIGN_IDENTITY = "iPhone Developer";
				COPY_PHASE_STRIP = NO;
				DEBUG_INFORMATION_FORMAT = "dwarf-with-dsym";
				ENABLE_NS_ASSERTIONS = NO;
				ENABLE_STRICT_OBJC_MSGSEND = YES;
				GCC_C_LANGUAGE_STANDARD = gnu11;
				GCC_NO_COMMON_BLOCKS = YES;
				GCC_WARN_64_TO_32_BIT_CONVERSION = YES;
				GCC_WARN_ABOUT_RETURN_TYPE = YES_ERROR;
				GCC_WARN_UNDECLARED_SELECTOR = YES;
				GCC_WARN_UNINITIALIZED_AUTOS = YES_AGGRESSIVE;
				GCC_WARN_UNUSED_FUNCTION = YES;
				GCC_WARN_UNUSED_VARIABLE = YES;
				IPHONEOS_DEPLOYMENT_TARGET = 12.1;
				MTL_ENABLE_DEBUG_INFO = NO;
				MTL_FAST_MATH = YES;
				SDKROOT = iphoneos;
				SWIFT_COMPILATION_MODE = wholemodule;
				SWIFT_OPTIMIZATION_LEVEL = "-O";
				VALIDATE_PRODUCT = YES;
			};
			name = Release;
		};
		BBF0AC0621F4B9CD00E44497 /* Debug */ = {
			isa = XCBuildConfiguration;
			buildSettings = {
				ASSETCATALOG_COMPILER_APPICON_NAME = AppIcon;
				CODE_SIGN_STYLE = Automatic;
				DEVELOPMENT_TEAM = 9UX8GMHL2U;
				INFOPLIST_FILE = AutoLayoutCalculator/Info.plist;
				LD_RUNPATH_SEARCH_PATHS = (
					"$(inherited)",
					"@executable_path/Frameworks",
				);
				PRODUCT_BUNDLE_IDENTIFIER = com.libertybilisim.AutoLayoutCalculator;
				PRODUCT_NAME = "$(TARGET_NAME)";
				SWIFT_VERSION = 4.2;
				TARGETED_DEVICE_FAMILY = "1,2";
			};
			name = Debug;
		};
		BBF0AC0721F4B9CD00E44497 /* Release */ = {
			isa = XCBuildConfiguration;
			buildSettings = {
				ASSETCATALOG_COMPILER_APPICON_NAME = AppIcon;
				CODE_SIGN_STYLE = Automatic;
				DEVELOPMENT_TEAM = 9UX8GMHL2U;
				INFOPLIST_FILE = AutoLayoutCalculator/Info.plist;
				LD_RUNPATH_SEARCH_PATHS = (
					"$(inherited)",
					"@executable_path/Frameworks",
				);
				PRODUCT_BUNDLE_IDENTIFIER = com.libertybilisim.AutoLayoutCalculator;
				PRODUCT_NAME = "$(TARGET_NAME)";
				SWIFT_VERSION = 4.2;
				TARGETED_DEVICE_FAMILY = "1,2";
			};
			name = Release;
		};
/* End XCBuildConfiguration section */

/* Begin XCConfigurationList section */
		BBF0ABEE21F4B9CD00E44497 /* Build configuration list for PBXProject "AutoLayoutCalculator" */ = {
			isa = XCConfigurationList;
			buildConfigurations = (
				BBF0AC0321F4B9CD00E44497 /* Debug */,
				BBF0AC0421F4B9CD00E44497 /* Release */,
			);
			defaultConfigurationIsVisible = 0;
			defaultConfigurationName = Release;
		};
		BBF0AC0521F4B9CD00E44497 /* Build configuration list for PBXNativeTarget "AutoLayoutCalculator" */ = {
			isa = XCConfigurationList;
			buildConfigurations = (
				BBF0AC0621F4B9CD00E44497 /* Debug */,
				BBF0AC0721F4B9CD00E44497 /* Release */,
			);
			defaultConfigurationIsVisible = 0;
			defaultConfigurationName = Release;
		};
/* End XCConfigurationList section */
	};
	rootObject = BBF0ABEB21F4B9CD00E44497 /* Project object */;
}
